PODS:
  - CTMediator (46)
  - MediatorTarget (0.1.0):
    - CTMediator
  - ModuleA (0.1.0):
    - MediatorTarget
  - ModuleB (0.1.0):
    - MediatorTarget

DEPENDENCIES:
  - CTMediator
  - MediatorTarget (from `~/Documents/PubLib/ModuleLib/MediatorTarget`)
  - ModuleA (from `~/Documents/PubLib/ModuleLib/ModuleA`)
  - ModuleB (from `~/Documents/PubLib/ModuleLib/ModuleB`)

SPEC REPOS:
  trunk:
    - CTMediator

EXTERNAL SOURCES:
  MediatorTarget:
    :path: "~/Documents/PubLib/ModuleLib/MediatorTarget"
  ModuleA:
    :path: "~/Documents/PubLib/ModuleLib/ModuleA"
  ModuleB:
    :path: "~/Documents/PubLib/ModuleLib/ModuleB"

SPEC CHECKSUMS:
  CTMediator: f1cf58d509fb3192086c367711f039efd769b907
  MediatorTarget: 00b5ed0b9dd19067a61a8d7362837aec2013fc63
  ModuleA: a3a48e670501531f3e0682c77167f6ec4e7fdea7
  ModuleB: ba8b226d0abb8c2528c5d1466d836884d03a49a0

PODFILE CHECKSUM: 10a7f17131a819acdfff69f7815ef8f889f7dd24

COCOAPODS: 1.11.2
